// !$*UTF8*$!
{
	archiveVersion = 1;
	classes = {
	};
	objectVersion = 55;
	objects = {

/* Begin PBXBuildFile section */
		262FEF0C2C15EB07008F8CF8 /* EPIC_RPSApp.swift in Sources */ = {isa = PBXBuildFile; fileRef = 262FEF0B2C15EB07008F8CF8 /* EPIC_RPSApp.swift */; };
		262FEF0E2C15EB07008F8CF8 /* SplashView.swift in Sources */ = {isa = PBXBuildFile; fileRef = 262FEF0D2C15EB07008F8CF8 /* SplashView.swift */; };
		262FEF102C15EB09008F8CF8 /* Assets.xcassets in Resources */ = {isa = PBXBuildFile; fileRef = 262FEF0F2C15EB09008F8CF8 /* Assets.xcassets */; };
		262FEF132C15EB09008F8CF8 /* Preview Assets.xcassets in Resources */ = {isa = PBXBuildFile; fileRef = 262FEF122C15EB09008F8CF8 /* Preview Assets.xcassets */; };
		264228642C1A10B1005D8E83 /* Мелодия 1.mp3 in Resources */ = {isa = PBXBuildFile; fileRef = 264228612C1A10AF005D8E83 /* Мелодия 1.mp3 */; };
		264228652C1A10B1005D8E83 /* Мелодия 3.mp3 in Resources */ = {isa = PBXBuildFile; fileRef = 264228622C1A10B0005D8E83 /* Мелодия 3.mp3 */; };
		264228662C1A10B1005D8E83 /* Мелодия 2.mp3 in Resources */ = {isa = PBXBuildFile; fileRef = 264228632C1A10B1005D8E83 /* Мелодия 2.mp3 */; };
		264228692C1A1417005D8E83 /* Color+.swift in Sources */ = {isa = PBXBuildFile; fileRef = 264228672C1A1417005D8E83 /* Color+.swift */; };
		26AD3EA02C15F34500E93301 /* RulesView.swift in Sources */ = {isa = PBXBuildFile; fileRef = 26AD3E9F2C15F34500E93301 /* RulesView.swift */; };
		26AD3EA22C15F37A00E93301 /* FightLoadView.swift in Sources */ = {isa = PBXBuildFile; fileRef = 26AD3EA12C15F37A00E93301 /* FightLoadView.swift */; };
		26AD3EA42C15F3B200E93301 /* StartGameView.swift in Sources */ = {isa = PBXBuildFile; fileRef = 26AD3EA32C15F3B200E93301 /* StartGameView.swift */; };
		26AD3EA62C15F3E300E93301 /* FightResultView.swift in Sources */ = {isa = PBXBuildFile; fileRef = 26AD3EA52C15F3E300E93301 /* FightResultView.swift */; };
		26DC1D4F2C18B79400F58E72 /* GameButtons.swift in Sources */ = {isa = PBXBuildFile; fileRef = 26DC1D4E2C18B79400F58E72 /* GameButtons.swift */; };
		26E9A32F2C1962F4008B4F44 /* GameManager.swift in Sources */ = {isa = PBXBuildFile; fileRef = 26E9A32E2C1962F4008B4F44 /* GameManager.swift */; };
		26E9A3312C196307008B4F44 /* ModelGame.swift in Sources */ = {isa = PBXBuildFile; fileRef = 26E9A3302C196307008B4F44 /* ModelGame.swift */; };
		26F655202C16CDE300BEB704 /* GameStatusView.swift in Sources */ = {isa = PBXBuildFile; fileRef = 26F6551F2C16CDE300BEB704 /* GameStatusView.swift */; };
		26F655222C16EDCD00BEB704 /* TimerView.swift in Sources */ = {isa = PBXBuildFile; fileRef = 26F655212C16EDCD00BEB704 /* TimerView.swift */; };
		9216F74E2C1A0D3800A355A6 /* SoundManager.swift in Sources */ = {isa = PBXBuildFile; fileRef = 9216F74D2C1A0D3800A355A6 /* SoundManager.swift */; };
		924A1CC32C17473800C0488B /* GameControlButtons.swift in Sources */ = {isa = PBXBuildFile; fileRef = 924A1CC22C17473800C0488B /* GameControlButtons.swift */; };
		924A1CC52C175C3400C0488B /* SettingsView.swift in Sources */ = {isa = PBXBuildFile; fileRef = 924A1CC42C175C3400C0488B /* SettingsView.swift */; };
		92E875552C1B23EB0043023F /* Udar.mp3 in Resources */ = {isa = PBXBuildFile; fileRef = 92E875542C1B23EB0043023F /* Udar.mp3 */; };
/* End PBXBuildFile section */

/* Begin PBXFileReference section */
		262FEF082C15EB07008F8CF8 /* EPIC_RPS.app */ = {isa = PBXFileReference; explicitFileType = wrapper.application; includeInIndex = 0; path = EPIC_RPS.app; sourceTree = BUILT_PRODUCTS_DIR; };
		262FEF0B2C15EB07008F8CF8 /* EPIC_RPSApp.swift */ = {isa = PBXFileReference; lastKnownFileType = sourcecode.swift; path = EPIC_RPSApp.swift; sourceTree = "<group>"; };
		262FEF0D2C15EB07008F8CF8 /* SplashView.swift */ = {isa = PBXFileReference; lastKnownFileType = sourcecode.swift; path = SplashView.swift; sourceTree = "<group>"; };
		262FEF0F2C15EB09008F8CF8 /* Assets.xcassets */ = {isa = PBXFileReference; lastKnownFileType = folder.assetcatalog; path = Assets.xcassets; sourceTree = "<group>"; };
		262FEF122C15EB09008F8CF8 /* Preview Assets.xcassets */ = {isa = PBXFileReference; lastKnownFileType = folder.assetcatalog; path = "Preview Assets.xcassets"; sourceTree = "<group>"; };
		264228612C1A10AF005D8E83 /* Мелодия 1.mp3 */ = {isa = PBXFileReference; lastKnownFileType = audio.mp3; path = "Мелодия 1.mp3"; sourceTree = "<group>"; };
		264228622C1A10B0005D8E83 /* Мелодия 3.mp3 */ = {isa = PBXFileReference; lastKnownFileType = audio.mp3; path = "Мелодия 3.mp3"; sourceTree = "<group>"; };
		264228632C1A10B1005D8E83 /* Мелодия 2.mp3 */ = {isa = PBXFileReference; lastKnownFileType = audio.mp3; path = "Мелодия 2.mp3"; sourceTree = "<group>"; };
		264228672C1A1417005D8E83 /* Color+.swift */ = {isa = PBXFileReference; fileEncoding = 4; lastKnownFileType = sourcecode.swift; path = "Color+.swift"; sourceTree = "<group>"; };
		26AD3E9F2C15F34500E93301 /* RulesView.swift */ = {isa = PBXFileReference; lastKnownFileType = sourcecode.swift; path = RulesView.swift; sourceTree = "<group>"; };
		26AD3EA12C15F37A00E93301 /* FightLoadView.swift */ = {isa = PBXFileReference; lastKnownFileType = sourcecode.swift; path = FightLoadView.swift; sourceTree = "<group>"; };
		26AD3EA32C15F3B200E93301 /* StartGameView.swift */ = {isa = PBXFileReference; lastKnownFileType = sourcecode.swift; path = StartGameView.swift; sourceTree = "<group>"; };
		26AD3EA52C15F3E300E93301 /* FightResultView.swift */ = {isa = PBXFileReference; lastKnownFileType = sourcecode.swift; path = FightResultView.swift; sourceTree = "<group>"; };
		26DC1D4E2C18B79400F58E72 /* GameButtons.swift */ = {isa = PBXFileReference; lastKnownFileType = sourcecode.swift; path = GameButtons.swift; sourceTree = "<group>"; };
		26E9A32E2C1962F4008B4F44 /* GameManager.swift */ = {isa = PBXFileReference; lastKnownFileType = sourcecode.swift; path = GameManager.swift; sourceTree = "<group>"; };
		26E9A3302C196307008B4F44 /* ModelGame.swift */ = {isa = PBXFileReference; lastKnownFileType = sourcecode.swift; path = ModelGame.swift; sourceTree = "<group>"; };
		26F6551F2C16CDE300BEB704 /* GameStatusView.swift */ = {isa = PBXFileReference; lastKnownFileType = sourcecode.swift; path = GameStatusView.swift; sourceTree = "<group>"; };
		26F655212C16EDCD00BEB704 /* TimerView.swift */ = {isa = PBXFileReference; lastKnownFileType = sourcecode.swift; path = TimerView.swift; sourceTree = "<group>"; };
		9216F74D2C1A0D3800A355A6 /* SoundManager.swift */ = {isa = PBXFileReference; lastKnownFileType = sourcecode.swift; path = SoundManager.swift; sourceTree = "<group>"; };
		924A1CC22C17473800C0488B /* GameControlButtons.swift */ = {isa = PBXFileReference; lastKnownFileType = sourcecode.swift; path = GameControlButtons.swift; sourceTree = "<group>"; };
		924A1CC42C175C3400C0488B /* SettingsView.swift */ = {isa = PBXFileReference; lastKnownFileType = sourcecode.swift; path = SettingsView.swift; sourceTree = "<group>"; };
		92E875542C1B23EB0043023F /* Udar.mp3 */ = {isa = PBXFileReference; lastKnownFileType = audio.mp3; path = Udar.mp3; sourceTree = "<group>"; };
/* End PBXFileReference section */

/* Begin PBXFrameworksBuildPhase section */
		262FEF052C15EB07008F8CF8 /* Frameworks */ = {
			isa = PBXFrameworksBuildPhase;
			buildActionMask = 2147483647;
			files = (
			);
			runOnlyForDeploymentPostprocessing = 0;
		};
/* End PBXFrameworksBuildPhase section */

/* Begin PBXGroup section */
		262FEEFF2C15EB07008F8CF8 = {
			isa = PBXGroup;
			children = (
				262FEF0A2C15EB07008F8CF8 /* EPIC_RPS */,
				262FEF092C15EB07008F8CF8 /* Products */,
			);
			sourceTree = "<group>";
		};
		262FEF092C15EB07008F8CF8 /* Products */ = {
			isa = PBXGroup;
			children = (
				262FEF082C15EB07008F8CF8 /* EPIC_RPS.app */,
			);
			name = Products;
			sourceTree = "<group>";
		};
		262FEF0A2C15EB07008F8CF8 /* EPIC_RPS */ = {
			isa = PBXGroup;
			children = (
				9216F74C2C1A0D2000A355A6 /* Managers */,
				26AD3E9E2C15F26400E93301 /* App_Run */,
				26F6551E2C16CDA600BEB704 /* Components */,
				26AD3E9D2C15F25800E93301 /* View */,
				26AD3E9C2C15F24700E93301 /* Model */,
				26E9A32D2C1962AE008B4F44 /* ViewModel */,
				264228682C1A1417005D8E83 /* Extensions */,
				262FEF0F2C15EB09008F8CF8 /* Assets.xcassets */,
				262FEF112C15EB09008F8CF8 /* Preview Content */,
			);
			path = EPIC_RPS;
			sourceTree = "<group>";
		};
		262FEF112C15EB09008F8CF8 /* Preview Content */ = {
			isa = PBXGroup;
			children = (
				262FEF122C15EB09008F8CF8 /* Preview Assets.xcassets */,
				264228612C1A10AF005D8E83 /* Мелодия 1.mp3 */,
				264228632C1A10B1005D8E83 /* Мелодия 2.mp3 */,
				264228622C1A10B0005D8E83 /* Мелодия 3.mp3 */,
				92E875542C1B23EB0043023F /* Udar.mp3 */,
			);
			path = "Preview Content";
			sourceTree = "<group>";
		};
		264228682C1A1417005D8E83 /* Extensions */ = {
			isa = PBXGroup;
			children = (
				264228672C1A1417005D8E83 /* Color+.swift */,
			);
			path = Extensions;
			sourceTree = "<group>";
		};
		26AD3E9C2C15F24700E93301 /* Model */ = {
			isa = PBXGroup;
			children = (
				26E9A3302C196307008B4F44 /* ModelGame.swift */,
			);
			path = Model;
			sourceTree = "<group>";
		};
		26AD3E9D2C15F25800E93301 /* View */ = {
			isa = PBXGroup;
			children = (
				262FEF0D2C15EB07008F8CF8 /* SplashView.swift */,
				26AD3E9F2C15F34500E93301 /* RulesView.swift */,
				26AD3EA12C15F37A00E93301 /* FightLoadView.swift */,
				26AD3EA32C15F3B200E93301 /* StartGameView.swift */,
				26AD3EA52C15F3E300E93301 /* FightResultView.swift */,
				924A1CC42C175C3400C0488B /* SettingsView.swift */,
			);
			path = View;
			sourceTree = "<group>";
		};
		26AD3E9E2C15F26400E93301 /* App_Run */ = {
			isa = PBXGroup;
			children = (
				262FEF0B2C15EB07008F8CF8 /* EPIC_RPSApp.swift */,
			);
			path = App_Run;
			sourceTree = "<group>";
		};
		26E9A32D2C1962AE008B4F44 /* ViewModel */ = {
			isa = PBXGroup;
			children = (
				26E9A32E2C1962F4008B4F44 /* GameManager.swift */,
			);
			path = ViewModel;
			sourceTree = "<group>";
		};
		26F6551E2C16CDA600BEB704 /* Components */ = {
			isa = PBXGroup;
			children = (
				26F6551F2C16CDE300BEB704 /* GameStatusView.swift */,
				26F655212C16EDCD00BEB704 /* TimerView.swift */,
				26DC1D4E2C18B79400F58E72 /* GameButtons.swift */,
				924A1CC22C17473800C0488B /* GameControlButtons.swift */,
			);
			path = Components;
			sourceTree = "<group>";
		};
		9216F74C2C1A0D2000A355A6 /* Managers */ = {
			isa = PBXGroup;
			children = (
				9216F74D2C1A0D3800A355A6 /* SoundManager.swift */,
			);
			path = Managers;
			sourceTree = "<group>";
		};
/* End PBXGroup section */

/* Begin PBXNativeTarget section */
		262FEF072C15EB07008F8CF8 /* EPIC_RPS */ = {
			isa = PBXNativeTarget;
			buildConfigurationList = 262FEF162C15EB09008F8CF8 /* Build configuration list for PBXNativeTarget "EPIC_RPS" */;
			buildPhases = (
				262FEF042C15EB07008F8CF8 /* Sources */,
				262FEF052C15EB07008F8CF8 /* Frameworks */,
				262FEF062C15EB07008F8CF8 /* Resources */,
			);
			buildRules = (
			);
			dependencies = (
			);
			name = EPIC_RPS;
			productName = EPIC_RPS;
			productReference = 262FEF082C15EB07008F8CF8 /* EPIC_RPS.app */;
			productType = "com.apple.product-type.application";
		};
/* End PBXNativeTarget section */

/* Begin PBXProject section */
		262FEF002C15EB07008F8CF8 /* Project object */ = {
			isa = PBXProject;
			attributes = {
				BuildIndependentTargetsInParallel = 1;
				LastSwiftUpdateCheck = 1530;
				LastUpgradeCheck = 1530;
				TargetAttributes = {
					262FEF072C15EB07008F8CF8 = {
						CreatedOnToolsVersion = 15.3;
					};
				};
			};
			buildConfigurationList = 262FEF032C15EB07008F8CF8 /* Build configuration list for PBXProject "EPIC_RPS" */;
			compatibilityVersion = "Xcode 13.0";
			developmentRegion = en;
			hasScannedForEncodings = 0;
			knownRegions = (
				en,
				Base,
			);
			mainGroup = 262FEEFF2C15EB07008F8CF8;
			productRefGroup = 262FEF092C15EB07008F8CF8 /* Products */;
			projectDirPath = "";
			projectRoot = "";
			targets = (
				262FEF072C15EB07008F8CF8 /* EPIC_RPS */,
			);
		};
/* End PBXProject section */

/* Begin PBXResourcesBuildPhase section */
		262FEF062C15EB07008F8CF8 /* Resources */ = {
			isa = PBXResourcesBuildPhase;
			buildActionMask = 2147483647;
			files = (
				264228662C1A10B1005D8E83 /* Мелодия 2.mp3 in Resources */,
				92E875552C1B23EB0043023F /* Udar.mp3 in Resources */,
				264228642C1A10B1005D8E83 /* Мелодия 1.mp3 in Resources */,
				262FEF132C15EB09008F8CF8 /* Preview Assets.xcassets in Resources */,
				262FEF102C15EB09008F8CF8 /* Assets.xcassets in Resources */,
				264228652C1A10B1005D8E83 /* Мелодия 3.mp3 in Resources */,
			);
			runOnlyForDeploymentPostprocessing = 0;
		};
/* End PBXResourcesBuildPhase section */

/* Begin PBXSourcesBuildPhase section */
		262FEF042C15EB07008F8CF8 /* Sources */ = {
			isa = PBXSourcesBuildPhase;
			buildActionMask = 2147483647;
			files = (
				26E9A3312C196307008B4F44 /* ModelGame.swift in Sources */,
				264228692C1A1417005D8E83 /* Color+.swift in Sources */,
				26F655202C16CDE300BEB704 /* GameStatusView.swift in Sources */,
				26AD3EA62C15F3E300E93301 /* FightResultView.swift in Sources */,
				262FEF0E2C15EB07008F8CF8 /* SplashView.swift in Sources */,
				262FEF0C2C15EB07008F8CF8 /* EPIC_RPSApp.swift in Sources */,
				9216F74E2C1A0D3800A355A6 /* SoundManager.swift in Sources */,
				26AD3EA02C15F34500E93301 /* RulesView.swift in Sources */,
				924A1CC52C175C3400C0488B /* SettingsView.swift in Sources */,
				26AD3EA42C15F3B200E93301 /* StartGameView.swift in Sources */,
				26F655222C16EDCD00BEB704 /* TimerView.swift in Sources */,
				26DC1D4F2C18B79400F58E72 /* GameButtons.swift in Sources */,
				924A1CC32C17473800C0488B /* GameControlButtons.swift in Sources */,
				26AD3EA22C15F37A00E93301 /* FightLoadView.swift in Sources */,
				26E9A32F2C1962F4008B4F44 /* GameManager.swift in Sources */,
			);
			runOnlyForDeploymentPostprocessing = 0;
		};
/* End PBXSourcesBuildPhase section */

/* Begin XCBuildConfiguration section */
		262FEF142C15EB09008F8CF8 /* Debug */ = {
			isa = XCBuildConfiguration;
			buildSettings = {
				ALWAYS_SEARCH_USER_PATHS = NO;
				ASSETCATALOG_COMPILER_GENERATE_SWIFT_ASSET_SYMBOL_EXTENSIONS = YES;
				CLANG_ANALYZER_NONNULL = YES;
				CLANG_ANALYZER_NUMBER_OBJECT_CONVERSION = YES_AGGRESSIVE;
				CLANG_CXX_LANGUAGE_STANDARD = "gnu++20";
				CLANG_ENABLE_MODULES = YES;
				CLANG_ENABLE_OBJC_ARC = YES;
				CLANG_ENABLE_OBJC_WEAK = YES;
				CLANG_WARN_BLOCK_CAPTURE_AUTORELEASING = YES;
				CLANG_WARN_BOOL_CONVERSION = YES;
				CLANG_WARN_COMMA = YES;
				CLANG_WARN_CONSTANT_CONVERSION = YES;
				CLANG_WARN_DEPRECATED_OBJC_IMPLEMENTATIONS = YES;
				CLANG_WARN_DIRECT_OBJC_ISA_USAGE = YES_ERROR;
				CLANG_WARN_DOCUMENTATION_COMMENTS = YES;
				CLANG_WARN_EMPTY_BODY = YES;
				CLANG_WARN_ENUM_CONVERSION = YES;
				CLANG_WARN_INFINITE_RECURSION = YES;
				CLANG_WARN_INT_CONVERSION = YES;
				CLANG_WARN_NON_LITERAL_NULL_CONVERSION = YES;
				CLANG_WARN_OBJC_IMPLICIT_RETAIN_SELF = YES;
				CLANG_WARN_OBJC_LITERAL_CONVERSION = YES;
				CLANG_WARN_OBJC_ROOT_CLASS = YES_ERROR;
				CLANG_WARN_QUOTED_INCLUDE_IN_FRAMEWORK_HEADER = YES;
				CLANG_WARN_RANGE_LOOP_ANALYSIS = YES;
				CLANG_WARN_STRICT_PROTOTYPES = YES;
				CLANG_WARN_SUSPICIOUS_MOVE = YES;
				CLANG_WARN_UNGUARDED_AVAILABILITY = YES_AGGRESSIVE;
				CLANG_WARN_UNREACHABLE_CODE = YES;
				CLANG_WARN__DUPLICATE_METHOD_MATCH = YES;
				COPY_PHASE_STRIP = NO;
				DEBUG_INFORMATION_FORMAT = dwarf;
				ENABLE_STRICT_OBJC_MSGSEND = YES;
				ENABLE_TESTABILITY = YES;
				ENABLE_USER_SCRIPT_SANDBOXING = YES;
				GCC_C_LANGUAGE_STANDARD = gnu17;
				GCC_DYNAMIC_NO_PIC = NO;
				GCC_NO_COMMON_BLOCKS = YES;
				GCC_OPTIMIZATION_LEVEL = 0;
				GCC_PREPROCESSOR_DEFINITIONS = (
					"DEBUG=1",
					"$(inherited)",
				);
				GCC_WARN_64_TO_32_BIT_CONVERSION = YES;
				GCC_WARN_ABOUT_RETURN_TYPE = YES_ERROR;
				GCC_WARN_UNDECLARED_SELECTOR = YES;
				GCC_WARN_UNINITIALIZED_AUTOS = YES_AGGRESSIVE;
				GCC_WARN_UNUSED_FUNCTION = YES;
				GCC_WARN_UNUSED_VARIABLE = YES;
				IPHONEOS_DEPLOYMENT_TARGET = 17.4;
				LOCALIZATION_PREFERS_STRING_CATALOGS = YES;
				MTL_ENABLE_DEBUG_INFO = INCLUDE_SOURCE;
				MTL_FAST_MATH = YES;
				ONLY_ACTIVE_ARCH = YES;
				SDKROOT = iphoneos;
				SWIFT_ACTIVE_COMPILATION_CONDITIONS = "DEBUG $(inherited)";
				SWIFT_OPTIMIZATION_LEVEL = "-Onone";
			};
			name = Debug;
		};
		262FEF152C15EB09008F8CF8 /* Release */ = {
			isa = XCBuildConfiguration;
			buildSettings = {
				ALWAYS_SEARCH_USER_PATHS = NO;
				ASSETCATALOG_COMPILER_GENERATE_SWIFT_ASSET_SYMBOL_EXTENSIONS = YES;
				CLANG_ANALYZER_NONNULL = YES;
				CLANG_ANALYZER_NUMBER_OBJECT_CONVERSION = YES_AGGRESSIVE;
				CLANG_CXX_LANGUAGE_STANDARD = "gnu++20";
				CLANG_ENABLE_MODULES = YES;
				CLANG_ENABLE_OBJC_ARC = YES;
				CLANG_ENABLE_OBJC_WEAK = YES;
				CLANG_WARN_BLOCK_CAPTURE_AUTORELEASING = YES;
				CLANG_WARN_BOOL_CONVERSION = YES;
				CLANG_WARN_COMMA = YES;
				CLANG_WARN_CONSTANT_CONVERSION = YES;
				CLANG_WARN_DEPRECATED_OBJC_IMPLEMENTATIONS = YES;
				CLANG_WARN_DIRECT_OBJC_ISA_USAGE = YES_ERROR;
				CLANG_WARN_DOCUMENTATION_COMMENTS = YES;
				CLANG_WARN_EMPTY_BODY = YES;
				CLANG_WARN_ENUM_CONVERSION = YES;
				CLANG_WARN_INFINITE_RECURSION = YES;
				CLANG_WARN_INT_CONVERSION = YES;
				CLANG_WARN_NON_LITERAL_NULL_CONVERSION = YES;
				CLANG_WARN_OBJC_IMPLICIT_RETAIN_SELF = YES;
				CLANG_WARN_OBJC_LITERAL_CONVERSION = YES;
				CLANG_WARN_OBJC_ROOT_CLASS = YES_ERROR;
				CLANG_WARN_QUOTED_INCLUDE_IN_FRAMEWORK_HEADER = YES;
				CLANG_WARN_RANGE_LOOP_ANALYSIS = YES;
				CLANG_WARN_STRICT_PROTOTYPES = YES;
				CLANG_WARN_SUSPICIOUS_MOVE = YES;
				CLANG_WARN_UNGUARDED_AVAILABILITY = YES_AGGRESSIVE;
				CLANG_WARN_UNREACHABLE_CODE = YES;
				CLANG_WARN__DUPLICATE_METHOD_MATCH = YES;
				COPY_PHASE_STRIP = NO;
				DEBUG_INFORMATION_FORMAT = "dwarf-with-dsym";
				ENABLE_NS_ASSERTIONS = NO;
				ENABLE_STRICT_OBJC_MSGSEND = YES;
				ENABLE_USER_SCRIPT_SANDBOXING = YES;
				GCC_C_LANGUAGE_STANDARD = gnu17;
				GCC_NO_COMMON_BLOCKS = YES;
				GCC_WARN_64_TO_32_BIT_CONVERSION = YES;
				GCC_WARN_ABOUT_RETURN_TYPE = YES_ERROR;
				GCC_WARN_UNDECLARED_SELECTOR = YES;
				GCC_WARN_UNINITIALIZED_AUTOS = YES_AGGRESSIVE;
				GCC_WARN_UNUSED_FUNCTION = YES;
				GCC_WARN_UNUSED_VARIABLE = YES;
				IPHONEOS_DEPLOYMENT_TARGET = 17.4;
				LOCALIZATION_PREFERS_STRING_CATALOGS = YES;
				MTL_ENABLE_DEBUG_INFO = NO;
				MTL_FAST_MATH = YES;
				SDKROOT = iphoneos;
				SWIFT_COMPILATION_MODE = wholemodule;
				VALIDATE_PRODUCT = YES;
			};
			name = Release;
		};
		262FEF172C15EB09008F8CF8 /* Debug */ = {
			isa = XCBuildConfiguration;
			buildSettings = {
				ASSETCATALOG_COMPILER_APPICON_NAME = AppIcon;
				ASSETCATALOG_COMPILER_GLOBAL_ACCENT_COLOR_NAME = AccentColor;
				CODE_SIGN_STYLE = Automatic;
				CURRENT_PROJECT_VERSION = 1;
				DEVELOPMENT_ASSET_PATHS = "\"EPIC_RPS/Preview Content\"";
				DEVELOPMENT_TEAM = 9W4LY938NZ;
				ENABLE_PREVIEWS = YES;
				GENERATE_INFOPLIST_FILE = YES;
				INFOPLIST_KEY_UIApplicationSceneManifest_Generation = YES;
				INFOPLIST_KEY_UIApplicationSupportsIndirectInputEvents = YES;
				INFOPLIST_KEY_UILaunchScreen_Generation = YES;
				INFOPLIST_KEY_UISupportedInterfaceOrientations = UIInterfaceOrientationPortrait;
				INFOPLIST_KEY_UISupportedInterfaceOrientations_iPad = "UIInterfaceOrientationLandscapeLeft UIInterfaceOrientationLandscapeRight UIInterfaceOrientationPortrait UIInterfaceOrientationPortraitUpsideDown";
				IPHONEOS_DEPLOYMENT_TARGET = 15.0;
				LD_RUNPATH_SEARCH_PATHS = (
					"$(inherited)",
					"@executable_path/Frameworks",
				);
				MARKETING_VERSION = 1.0;
				PRODUCT_BUNDLE_IDENTIFIER = khabib.rulesview;
				PRODUCT_NAME = "$(TARGET_NAME)";
				SUPPORTED_PLATFORMS = "iphoneos iphonesimulator";
				SUPPORTS_MACCATALYST = NO;
				SUPPORTS_MAC_DESIGNED_FOR_IPHONE_IPAD = NO;
				SUPPORTS_XR_DESIGNED_FOR_IPHONE_IPAD = NO;
				SWIFT_EMIT_LOC_STRINGS = YES;
				SWIFT_VERSION = 5.0;
				TARGETED_DEVICE_FAMILY = 1;
			};
			name = Debug;
		};
		262FEF182C15EB09008F8CF8 /* Release */ = {
			isa = XCBuildConfiguration;
			buildSettings = {
				ASSETCATALOG_COMPILER_APPICON_NAME = AppIcon;
				ASSETCATALOG_COMPILER_GLOBAL_ACCENT_COLOR_NAME = AccentColor;
				CODE_SIGN_STYLE = Automatic;
				CURRENT_PROJECT_VERSION = 1;
				DEVELOPMENT_ASSET_PATHS = "\"EPIC_RPS/Preview Content\"";
				DEVELOPMENT_TEAM = 9W4LY938NZ;
				ENABLE_PREVIEWS = YES;
				GENERATE_INFOPLIST_FILE = YES;
				INFOPLIST_KEY_UIApplicationSceneManifest_Generation = YES;
				INFOPLIST_KEY_UIApplicationSupportsIndirectInputEvents = YES;
				INFOPLIST_KEY_UILaunchScreen_Generation = YES;
				INFOPLIST_KEY_UISupportedInterfaceOrientations = UIInterfaceOrientationPortrait;
				INFOPLIST_KEY_UISupportedInterfaceOrientations_iPad = "UIInterfaceOrientationLandscapeLeft UIInterfaceOrientationLandscapeRight UIInterfaceOrientationPortrait UIInterfaceOrientationPortraitUpsideDown";
				IPHONEOS_DEPLOYMENT_TARGET = 15.0;
				LD_RUNPATH_SEARCH_PATHS = (
					"$(inherited)",
					"@executable_path/Frameworks",
				);
				MARKETING_VERSION = 1.0;
				PRODUCT_BUNDLE_IDENTIFIER = khabib.rulesview;
				PRODUCT_NAME = "$(TARGET_NAME)";
				SUPPORTED_PLATFORMS = "iphoneos iphonesimulator";
				SUPPORTS_MACCATALYST = NO;
				SUPPORTS_MAC_DESIGNED_FOR_IPHONE_IPAD = NO;
				SUPPORTS_XR_DESIGNED_FOR_IPHONE_IPAD = NO;
				SWIFT_EMIT_LOC_STRINGS = YES;
				SWIFT_VERSION = 5.0;
				TARGETED_DEVICE_FAMILY = 1;
			};
			name = Release;
		};
/* End XCBuildConfiguration section */

/* Begin XCConfigurationList section */
		262FEF032C15EB07008F8CF8 /* Build configuration list for PBXProject "EPIC_RPS" */ = {
			isa = XCConfigurationList;
			buildConfigurations = (
				262FEF142C15EB09008F8CF8 /* Debug */,
				262FEF152C15EB09008F8CF8 /* Release */,
			);
			defaultConfigurationIsVisible = 0;
			defaultConfigurationName = Release;
		};
		262FEF162C15EB09008F8CF8 /* Build configuration list for PBXNativeTarget "EPIC_RPS" */ = {
			isa = XCConfigurationList;
			buildConfigurations = (
				262FEF172C15EB09008F8CF8 /* Debug */,
				262FEF182C15EB09008F8CF8 /* Release */,
			);
			defaultConfigurationIsVisible = 0;
			defaultConfigurationName = Release;
		};
/* End XCConfigurationList section */
	};
	rootObject = 262FEF002C15EB07008F8CF8 /* Project object */;
}
